github.com/nickwells/check.mod v1.6.6 h1:V7n+70kGY8wlyvmM48oGNSNVb4Oum7d0E68WbYYLtaM=
github.com/nickwells/check.mod v1.6.6/go.mod h1:lmA9/rrY5lvjXctBC7nAR3Uhu5AqlT7fTQtviUABHu0=
github.com/nickwells/filecheck.mod v1.1.2 h1:nhks+lU2ouI5gV+n7HyoZ8YnuR+r/VlMmxkVSy6SZDM=
github.com/nickwells/filecheck.mod v1.1.2/go.mod h1:GEs+ujni1ykq2Zs21Sa9xZCqfEzDpDtweHUgCQwZN4Y=
github.com/nickwells/fileparse.mod v1.1.12 h1:AfnBpScX+IWQeGe+tApdAK7zdlRGqEP+t3RXoxZ8SxI=
github.com/nickwells/fileparse.mod v1.1.12/go.mod h1:JOfDyANTzWjfbB+zBBc247WGqCp2spjKFneVuAjTk5c=
github.com/nickwells/location.mod v1.2.9 h1:p1KVfLbRUWBm5pF7vWhSEBu7Bea4KMSwG33RpLAfcqY=
github.com/nickwells/location.mod v1.2.9/go.mod h1:dG4NraMh8YAPsSe3zdOYramVWkLfElyiP9LZrCTsdWo=
github.com/nickwells/mathutil.mod v1.0.10 h1:QG7tChzLH1N45g9kCxMU0IUBFpHvNiiBqG1p30HD/MQ=
github.com/nickwells/mathutil.mod v1.0.10/go.mod h1:fxKdBx0BodJo9PXBWz4XYabwDHg8g3fp1mmm3XBYI/U=
github.com/nickwells/strdist.mod v1.0.13 h1:sbl5Jlekr2StFgwOCeCnm1dwojW6ggOtSIT2846Hpgs=
github.com/nickwells/strdist.mod v1.0.13/go.mod h1:E7unsQX1ZOjdVev/fFW5S4GxcgpnrvytKCy+Zp/RH1w=
github.com/nickwells/testhelper.mod v1.8.1 h1:EstfHLvz5E/8u8nNxg15MDNxL/ANUZamuo8Wed2d11s=
github.com/nickwells/testhelper.mod v1.8.1/go.mod h1:Ct/U2PjL0n9hGc+US6uR/s4NxSRI33NM+0ZkrDkG0XI=
github.com/nickwells/twrap.mod v1.4.3 h1:TfoCIn437DChn9LWv2FWux0Ya28QiR7vq052wQoJZjE=
github.com/nickwells/twrap.mod v1.4.3/go.mod h1:Gz76AynvpAoLihvJJjcCN4w1UTzTWK2oqnhVM1JxGYE=
github.com/nickwells/xdg.mod v1.0.3 h1:lzYZLwtCFtvKdItBtJhCEyTfNCmNK1sfhFPqhfbjWlQ=
github.com/nickwells/xdg.mod v1.0.3/go.mod h1:h8lRJMpY6oXdD6E3jJuolpO9QJE5FcTvUe8eyRzgyQo=
