github.com/nickwells/check.mod v1.6.2 h1:fGzPr4SBZBmdgqGaYI6X863Ja6We9Vo1N5ydm48hbKc=
github.com/nickwells/check.mod v1.6.2/go.mod h1:lksNjXuIdwG8B6VJaiavrF3aApLC8JLx4vmSJ34Gl0E=
github.com/nickwells/filecheck.mod v1.0.14 h1:2tguyJcebpiPEl8upEeEPChS2lyeDLuHxTsIQ0DxAQo=
github.com/nickwells/filecheck.mod v1.0.14/go.mod h1:bLHJdw2o0zzm+bGA7H2nNEoC2zjz9mOhoAATBAEOVD0=
github.com/nickwells/fileparse.mod v1.1.10 h1:TvqprGKRFs+ufken4V/cifO090VvZpictxQ5cXy9tf8=
github.com/nickwells/fileparse.mod v1.1.10/go.mod h1:dINF+nFc9iBH5Owb5z1G01zJm5hCiI8O3/wYnEp8fUs=
github.com/nickwells/location.mod v1.2.6 h1:3yKJGRs4JA508GmS0IMGf//RjyafgTx5EKp38kGWo6k=
github.com/nickwells/location.mod v1.2.6/go.mod h1:5lyS4FOXejwcPV5E7d00O6FyZ+gX8rxBOm4U9Lsrd4E=
github.com/nickwells/mathutil.mod v1.0.8 h1:hDVPkZMU0Faao6FcMUoChEjhFmFwNshoVwe0oCZVK5M=
github.com/nickwells/mathutil.mod v1.0.8/go.mod h1:BOkNQPZ6po54FuGR4EmTieDzrOGgdbZ8Vk8E91ZiSXQ=
github.com/nickwells/strdist.mod v1.0.11 h1:+8FNCK5sLi0XlAoo3W8d4HCy9PJ/Hgtlj/iS2HSH0dw=
github.com/nickwells/strdist.mod v1.0.11/go.mod h1:Yv3CNnrboa76IIw8qNpzoDRczEQaMNHxFXzbD5Sv1qo=
github.com/nickwells/testhelper.mod v1.4.0 h1:84SktVP6UKsWiJbmb6DLk8eMFOtzWSag6LdIqvtztgY=
github.com/nickwells/testhelper.mod v1.4.0/go.mod h1:Ct/U2PjL0n9hGc+US6uR/s4NxSRI33NM+0ZkrDkG0XI=
github.com/nickwells/twrap.mod v1.3.1 h1:oEJdlaoxyEBRo4B+Jf8HJD+XEUVAy42K3eUdHEHeYlQ=
github.com/nickwells/twrap.mod v1.3.1/go.mod h1:bZtQQEK2rWWraCrVTslrXujLhmFKTRDVIyuHVncR7yU=
github.com/nickwells/xdg.mod v1.0.2 h1:rmQPX4dTfxTtUeoRQfkMbPCzUDwN2zP6eNwTYyBcn8w=
github.com/nickwells/xdg.mod v1.0.2/go.mod h1:h8lRJMpY6oXdD6E3jJuolpO9QJE5FcTvUe8eyRzgyQo=
