github.com/nickwells/check.mod v1.4.3 h1:Ly678+3i+JQVBU7iowGKiuK2es4x+0aWqjXzF0J2EUw=
github.com/nickwells/check.mod v1.4.3/go.mod h1:RlAdn960CBZsf1lexeXgrVocVysDWW+lkfjQYabIcnw=
github.com/nickwells/filecheck.mod v1.0.7 h1:7wnqLwldro+TmTURlp8aRTHZMDLY19imlhNhoDCF+ls=
github.com/nickwells/filecheck.mod v1.0.7/go.mod h1:3P43azvfrikaZ0V8FOZjBtI8ShaLUcKV8zKXkGWa2LQ=
github.com/nickwells/fileparse.mod v1.1.6 h1:djAklQDOGbmOA3Qh3syDHea1/P4VfK6J5c4dUWE4gok=
github.com/nickwells/fileparse.mod v1.1.6/go.mod h1:SHpjrZPK93RkGDEQqLgt/u8lMcIr4ys0MpY3ghVd8aI=
github.com/nickwells/location.mod v1.2.3 h1:QGRjZgi/PqQs6LQK2pPfrgPonHcp9hw7V2oWwFvLs1U=
github.com/nickwells/location.mod v1.2.3/go.mod h1:Cezt9ld4lJmkts+A45lN3Z51zAzBgQixYRIS7Ctiy38=
github.com/nickwells/mathutil.mod v1.0.5 h1:qJ1pkfDLgEuBeR3arhyURiiZjODma5ZzrDifYeXl8e4=
github.com/nickwells/mathutil.mod v1.0.5/go.mod h1:TQUWJ4u5ShqAGR6BBSyHYAGDgZgB86tU/rBGIg/ER2g=
github.com/nickwells/strdist.mod v1.0.7 h1:s/6DhV8m3JUpYqNahU1Biw4Qn7ofU0e+QjvmkS/LnfI=
github.com/nickwells/strdist.mod v1.0.7/go.mod h1:72SY2KJjuU3fmZ1WBv1bxk5hPjP2kXUMtqabV2/5a8o=
github.com/nickwells/testhelper.mod v1.3.5 h1:Qob6InjnYJI4pbfCqCBwDFz9w0RmqKATWC7rDIUsYDU=
github.com/nickwells/testhelper.mod v1.3.5/go.mod h1:Ct/U2PjL0n9hGc+US6uR/s4NxSRI33NM+0ZkrDkG0XI=
github.com/nickwells/twrap.mod v1.1.3 h1:gxt2cMPXl1KvDiZeGdKpXGAnhdHxlJV79NXWu/q4HEE=
github.com/nickwells/twrap.mod v1.1.3/go.mod h1:SqaR++ea3P0/ZMmrifmKH4RKGbsAm5gGolNhD9jsFt8=
